// !$*UTF8*$!
{
	archiveVersion = 1;
	classes = {
	};
	objectVersion = 46;
	objects = {

/* Begin PBXBuildFile section */
		CC1216551DBD6763000E0AB9 /* RestaurantDetailViewController.swift in Sources */ = {isa = PBXBuildFile; fileRef = CC1216541DBD6763000E0AB9 /* RestaurantDetailViewController.swift */; };
		CC1216571DBD76CB000E0AB9 /* Restaurant.swift in Sources */ = {isa = PBXBuildFile; fileRef = CC1216561DBD76CB000E0AB9 /* Restaurant.swift */; };
		CC1216591DBDBD13000E0AB9 /* DetailRestaurantTableViewCell.swift in Sources */ = {isa = PBXBuildFile; fileRef = CC1216581DBDBD13000E0AB9 /* DetailRestaurantTableViewCell.swift */; };
		CC9580181DBF3FCE005BA651 /* RestaurantTableViewCell.swift in Sources */ = {isa = PBXBuildFile; fileRef = CC9580171DBF3FCE005BA651 /* RestaurantTableViewCell.swift */; };
		CC95801A1DBF4286005BA651 /* ReviewViewController.swift in Sources */ = {isa = PBXBuildFile; fileRef = CC9580191DBF4286005BA651 /* ReviewViewController.swift */; };
		CCAC3BD01DC072CF00B70586 /* MapKit.framework in Frameworks */ = {isa = PBXBuildFile; fileRef = CCAC3BCF1DC072CF00B70586 /* MapKit.framework */; };
		CCAC3BD21DC07A4500B70586 /* MapViewController.swift in Sources */ = {isa = PBXBuildFile; fileRef = CCAC3BD11DC07A4500B70586 /* MapViewController.swift */; };
		CCF833271DBBE988008B5558 /* AppDelegate.swift in Sources */ = {isa = PBXBuildFile; fileRef = CCF833261DBBE988008B5558 /* AppDelegate.swift */; };
		CCF8332C1DBBE988008B5558 /* Main.storyboard in Resources */ = {isa = PBXBuildFile; fileRef = CCF8332A1DBBE988008B5558 /* Main.storyboard */; };
		CCF833311DBBE988008B5558 /* LaunchScreen.storyboard in Resources */ = {isa = PBXBuildFile; fileRef = CCF8332F1DBBE988008B5558 /* LaunchScreen.storyboard */; };
		CCF833391DBBEF6C008B5558 /* RestaurantTableViewController.swift in Sources */ = {isa = PBXBuildFile; fileRef = CCF833381DBBEF6C008B5558 /* RestaurantTableViewController.swift */; };
		CCF8333B1DBBF2D4008B5558 /* Assets.xcassets in Resources */ = {isa = PBXBuildFile; fileRef = CCF8333A1DBBF2D4008B5558 /* Assets.xcassets */; };
/* End PBXBuildFile section */

/* Begin PBXFileReference section */
		CC1216541DBD6763000E0AB9 /* RestaurantDetailViewController.swift */ = {isa = PBXFileReference; fileEncoding = 4; lastKnownFileType = sourcecode.swift; path = RestaurantDetailViewController.swift; sourceTree = "<group>"; };
		CC1216561DBD76CB000E0AB9 /* Restaurant.swift */ = {isa = PBXFileReference; fileEncoding = 4; lastKnownFileType = sourcecode.swift; path = Restaurant.swift; sourceTree = "<group>"; };
		CC1216581DBDBD13000E0AB9 /* DetailRestaurantTableViewCell.swift */ = {isa = PBXFileReference; fileEncoding = 4; lastKnownFileType = sourcecode.swift; path = DetailRestaurantTableViewCell.swift; sourceTree = "<group>"; };
		CC9580171DBF3FCE005BA651 /* RestaurantTableViewCell.swift */ = {isa = PBXFileReference; fileEncoding = 4; lastKnownFileType = sourcecode.swift; path = RestaurantTableViewCell.swift; sourceTree = "<group>"; };
		CC9580191DBF4286005BA651 /* ReviewViewController.swift */ = {isa = PBXFileReference; fileEncoding = 4; lastKnownFileType = sourcecode.swift; path = ReviewViewController.swift; sourceTree = "<group>"; };
		CCAC3BCF1DC072CF00B70586 /* MapKit.framework */ = {isa = PBXFileReference; lastKnownFileType = wrapper.framework; name = MapKit.framework; path = System/Library/Frameworks/MapKit.framework; sourceTree = SDKROOT; };
		CCAC3BD11DC07A4500B70586 /* MapViewController.swift */ = {isa = PBXFileReference; fileEncoding = 4; lastKnownFileType = sourcecode.swift; path = MapViewController.swift; sourceTree = "<group>"; };
		CCF833231DBBE988008B5558 /* FoodPin.app */ = {isa = PBXFileReference; explicitFileType = wrapper.application; includeInIndex = 0; path = FoodPin.app; sourceTree = BUILT_PRODUCTS_DIR; };
		CCF833261DBBE988008B5558 /* AppDelegate.swift */ = {isa = PBXFileReference; lastKnownFileType = sourcecode.swift; path = AppDelegate.swift; sourceTree = "<group>"; };
		CCF8332B1DBBE988008B5558 /* Base */ = {isa = PBXFileReference; lastKnownFileType = file.storyboard; name = Base; path = Base.lproj/Main.storyboard; sourceTree = "<group>"; };
		CCF833301DBBE988008B5558 /* Base */ = {isa = PBXFileReference; lastKnownFileType = file.storyboard; name = Base; path = Base.lproj/LaunchScreen.storyboard; sourceTree = "<group>"; };
		CCF833321DBBE988008B5558 /* Info.plist */ = {isa = PBXFileReference; lastKnownFileType = text.plist.xml; path = Info.plist; sourceTree = "<group>"; };
		CCF833381DBBEF6C008B5558 /* RestaurantTableViewController.swift */ = {isa = PBXFileReference; fileEncoding = 4; lastKnownFileType = sourcecode.swift; path = RestaurantTableViewController.swift; sourceTree = "<group>"; };
		CCF8333A1DBBF2D4008B5558 /* Assets.xcassets */ = {isa = PBXFileReference; lastKnownFileType = folder.assetcatalog; path = Assets.xcassets; sourceTree = "<group>"; };
/* End PBXFileReference section */

/* Begin PBXFrameworksBuildPhase section */
		CCF833201DBBE988008B5558 /* Frameworks */ = {
			isa = PBXFrameworksBuildPhase;
			buildActionMask = 2147483647;
			files = (
				CCAC3BD01DC072CF00B70586 /* MapKit.framework in Frameworks */,
			);
			runOnlyForDeploymentPostprocessing = 0;
		};
/* End PBXFrameworksBuildPhase section */

/* Begin PBXGroup section */
		CCAC3BCE1DC072CF00B70586 /* Frameworks */ = {
			isa = PBXGroup;
			children = (
				CCAC3BCF1DC072CF00B70586 /* MapKit.framework */,
			);
			name = Frameworks;
			sourceTree = "<group>";
		};
		CCF8331A1DBBE988008B5558 = {
			isa = PBXGroup;
			children = (
				CCF833251DBBE988008B5558 /* FoodPin */,
				CCF833241DBBE988008B5558 /* Products */,
				CCAC3BCE1DC072CF00B70586 /* Frameworks */,
			);
			sourceTree = "<group>";
		};
		CCF833241DBBE988008B5558 /* Products */ = {
			isa = PBXGroup;
			children = (
				CCF833231DBBE988008B5558 /* FoodPin.app */,
			);
			name = Products;
			sourceTree = "<group>";
		};
		CCF833251DBBE988008B5558 /* FoodPin */ = {
			isa = PBXGroup;
			children = (
				CCF833381DBBEF6C008B5558 /* RestaurantTableViewController.swift */,
				CC1216541DBD6763000E0AB9 /* RestaurantDetailViewController.swift */,
				CC9580191DBF4286005BA651 /* ReviewViewController.swift */,
				CCAC3BD11DC07A4500B70586 /* MapViewController.swift */,
				CCF833261DBBE988008B5558 /* AppDelegate.swift */,
				CC1216581DBDBD13000E0AB9 /* DetailRestaurantTableViewCell.swift */,
				CC9580171DBF3FCE005BA651 /* RestaurantTableViewCell.swift */,
				CC1216561DBD76CB000E0AB9 /* Restaurant.swift */,
				CCF8332A1DBBE988008B5558 /* Main.storyboard */,
				CCF8333A1DBBF2D4008B5558 /* Assets.xcassets */,
				CCF8332F1DBBE988008B5558 /* LaunchScreen.storyboard */,
				CCF833321DBBE988008B5558 /* Info.plist */,
			);
			path = FoodPin;
			sourceTree = "<group>";
		};
/* End PBXGroup section */

/* Begin PBXNativeTarget section */
		CCF833221DBBE988008B5558 /* FoodPin */ = {
			isa = PBXNativeTarget;
			buildConfigurationList = CCF833351DBBE988008B5558 /* Build configuration list for PBXNativeTarget "FoodPin" */;
			buildPhases = (
				CCF8331F1DBBE988008B5558 /* Sources */,
				CCF833201DBBE988008B5558 /* Frameworks */,
				CCF833211DBBE988008B5558 /* Resources */,
			);
			buildRules = (
			);
			dependencies = (
			);
			name = FoodPin;
			productName = FoodPin;
			productReference = CCF833231DBBE988008B5558 /* FoodPin.app */;
			productType = "com.apple.product-type.application";
		};
/* End PBXNativeTarget section */

/* Begin PBXProject section */
		CCF8331B1DBBE988008B5558 /* Project object */ = {
			isa = PBXProject;
			attributes = {
				LastSwiftUpdateCheck = 0800;
				LastUpgradeCheck = 0800;
				ORGANIZATIONNAME = PielDeJaguar;
				TargetAttributes = {
					CCF833221DBBE988008B5558 = {
						CreatedOnToolsVersion = 8.0;
						DevelopmentTeam = JM33QBQ4S7;
						ProvisioningStyle = Automatic;
						SystemCapabilities = {
							com.apple.Maps.iOS = {
								enabled = 1;
							};
						};
					};
				};
			};
			buildConfigurationList = CCF8331E1DBBE988008B5558 /* Build configuration list for PBXProject "FoodPin" */;
			compatibilityVersion = "Xcode 3.2";
			developmentRegion = English;
			hasScannedForEncodings = 0;
			knownRegions = (
				en,
				Base,
			);
			mainGroup = CCF8331A1DBBE988008B5558;
			productRefGroup = CCF833241DBBE988008B5558 /* Products */;
			projectDirPath = "";
			projectRoot = "";
			targets = (
				CCF833221DBBE988008B5558 /* FoodPin */,
			);
		};
/* End PBXProject section */

/* Begin PBXResourcesBuildPhase section */
		CCF833211DBBE988008B5558 /* Resources */ = {
			isa = PBXResourcesBuildPhase;
			buildActionMask = 2147483647;
			files = (
				CCF833311DBBE988008B5558 /* LaunchScreen.storyboard in Resources */,
				CCF8333B1DBBF2D4008B5558 /* Assets.xcassets in Resources */,
				CCF8332C1DBBE988008B5558 /* Main.storyboard in Resources */,
			);
			runOnlyForDeploymentPostprocessing = 0;
		};
/* End PBXResourcesBuildPhase section */

/* Begin PBXSourcesBuildPhase section */
		CCF8331F1DBBE988008B5558 /* Sources */ = {
			isa = PBXSourcesBuildPhase;
			buildActionMask = 2147483647;
			files = (
				CC1216571DBD76CB000E0AB9 /* Restaurant.swift in Sources */,
				CCF833391DBBEF6C008B5558 /* RestaurantTableViewController.swift in Sources */,
				CC95801A1DBF4286005BA651 /* ReviewViewController.swift in Sources */,
				CC1216591DBDBD13000E0AB9 /* DetailRestaurantTableViewCell.swift in Sources */,
				CC1216551DBD6763000E0AB9 /* RestaurantDetailViewController.swift in Sources */,
				CC9580181DBF3FCE005BA651 /* RestaurantTableViewCell.swift in Sources */,
				CCF833271DBBE988008B5558 /* AppDelegate.swift in Sources */,
				CCAC3BD21DC07A4500B70586 /* MapViewController.swift in Sources */,
			);
			runOnlyForDeploymentPostprocessing = 0;
		};
/* End PBXSourcesBuildPhase section */

/* Begin PBXVariantGroup section */
		CCF8332A1DBBE988008B5558 /* Main.storyboard */ = {
			isa = PBXVariantGroup;
			children = (
				CCF8332B1DBBE988008B5558 /* Base */,
			);
			name = Main.storyboard;
			sourceTree = "<group>";
		};
		CCF8332F1DBBE988008B5558 /* LaunchScreen.storyboard */ = {
			isa = PBXVariantGroup;
			children = (
				CCF833301DBBE988008B5558 /* Base */,
			);
			name = LaunchScreen.storyboard;
			sourceTree = "<group>";
		};
/* End PBXVariantGroup section */

/* Begin XCBuildConfiguration section */
		CCF833331DBBE988008B5558 /* Debug */ = {
			isa = XCBuildConfiguration;
			buildSettings = {
				ALWAYS_SEARCH_USER_PATHS = NO;
				CLANG_ANALYZER_NONNULL = YES;
				CLANG_CXX_LANGUAGE_STANDARD = "gnu++0x";
				CLANG_CXX_LIBRARY = "libc++";
				CLANG_ENABLE_MODULES = YES;
				CLANG_ENABLE_OBJC_ARC = YES;
				CLANG_WARN_BOOL_CONVERSION = YES;
				CLANG_WARN_CONSTANT_CONVERSION = YES;
				CLANG_WARN_DIRECT_OBJC_ISA_USAGE = YES_ERROR;
				CLANG_WARN_DOCUMENTATION_COMMENTS = YES;
				CLANG_WARN_EMPTY_BODY = YES;
				CLANG_WARN_ENUM_CONVERSION = YES;
				CLANG_WARN_INFINITE_RECURSION = YES;
				CLANG_WARN_INT_CONVERSION = YES;
				CLANG_WARN_OBJC_ROOT_CLASS = YES_ERROR;
				CLANG_WARN_SUSPICIOUS_MOVES = YES;
				CLANG_WARN_UNREACHABLE_CODE = YES;
				CLANG_WARN__DUPLICATE_METHOD_MATCH = YES;
				"CODE_SIGN_IDENTITY[sdk=iphoneos*]" = "iPhone Developer";
				COPY_PHASE_STRIP = NO;
				DEBUG_INFORMATION_FORMAT = dwarf;
				ENABLE_STRICT_OBJC_MSGSEND = YES;
				ENABLE_TESTABILITY = YES;
				GCC_C_LANGUAGE_STANDARD = gnu99;
				GCC_DYNAMIC_NO_PIC = NO;
				GCC_NO_COMMON_BLOCKS = YES;
				GCC_OPTIMIZATION_LEVEL = 0;
				GCC_PREPROCESSOR_DEFINITIONS = (
					"DEBUG=1",
					"$(inherited)",
				);
				GCC_WARN_64_TO_32_BIT_CONVERSION = YES;
				GCC_WARN_ABOUT_RETURN_TYPE = YES_ERROR;
				GCC_WARN_UNDECLARED_SELECTOR = YES;
				GCC_WARN_UNINITIALIZED_AUTOS = YES_AGGRESSIVE;
				GCC_WARN_UNUSED_FUNCTION = YES;
				GCC_WARN_UNUSED_VARIABLE = YES;
				IPHONEOS_DEPLOYMENT_TARGET = 10.0;
				MTL_ENABLE_DEBUG_INFO = YES;
				ONLY_ACTIVE_ARCH = YES;
				SDKROOT = iphoneos;
				SWIFT_ACTIVE_COMPILATION_CONDITIONS = DEBUG;
				SWIFT_OPTIMIZATION_LEVEL = "-Onone";
			};
			name = Debug;
		};
		CCF833341DBBE988008B5558 /* Release */ = {
			isa = XCBuildConfiguration;
			buildSettings = {
				ALWAYS_SEARCH_USER_PATHS = NO;
				CLANG_ANALYZER_NONNULL = YES;
				CLANG_CXX_LANGUAGE_STANDARD = "gnu++0x";
				CLANG_CXX_LIBRARY = "libc++";
				CLANG_ENABLE_MODULES = YES;
				CLANG_ENABLE_OBJC_ARC = YES;
				CLANG_WARN_BOOL_CONVERSION = YES;
				CLANG_WARN_CONSTANT_CONVERSION = YES;
				CLANG_WARN_DIRECT_OBJC_ISA_USAGE = YES_ERROR;
				CLANG_WARN_DOCUMENTATION_COMMENTS = YES;
				CLANG_WARN_EMPTY_BODY = YES;
				CLANG_WARN_ENUM_CONVERSION = YES;
				CLANG_WARN_INFINITE_RECURSION = YES;
				CLANG_WARN_INT_CONVERSION = YES;
				CLANG_WARN_OBJC_ROOT_CLASS = YES_ERROR;
				CLANG_WARN_SUSPICIOUS_MOVES = YES;
				CLANG_WARN_UNREACHABLE_CODE = YES;
				CLANG_WARN__DUPLICATE_METHOD_MATCH = YES;
				"CODE_SIGN_IDENTITY[sdk=iphoneos*]" = "iPhone Developer";
				COPY_PHASE_STRIP = NO;
				DEBUG_INFORMATION_FORMAT = "dwarf-with-dsym";
				ENABLE_NS_ASSERTIONS = NO;
				ENABLE_STRICT_OBJC_MSGSEND = YES;
				GCC_C_LANGUAGE_STANDARD = gnu99;
				GCC_NO_COMMON_BLOCKS = YES;
				GCC_WARN_64_TO_32_BIT_CONVERSION = YES;
				GCC_WARN_ABOUT_RETURN_TYPE = YES_ERROR;
				GCC_WARN_UNDECLARED_SELECTOR = YES;
				GCC_WARN_UNINITIALIZED_AUTOS = YES_AGGRESSIVE;
				GCC_WARN_UNUSED_FUNCTION = YES;
				GCC_WARN_UNUSED_VARIABLE = YES;
				IPHONEOS_DEPLOYMENT_TARGET = 10.0;
				MTL_ENABLE_DEBUG_INFO = NO;
				SDKROOT = iphoneos;
				SWIFT_OPTIMIZATION_LEVEL = "-Owholemodule";
				VALIDATE_PRODUCT = YES;
			};
			name = Release;
		};
		CCF833361DBBE988008B5558 /* Debug */ = {
			isa = XCBuildConfiguration;
			buildSettings = {
				ASSETCATALOG_COMPILER_APPICON_NAME = AppIcon;
				DEVELOPMENT_TEAM = JM33QBQ4S7;
				INFOPLIST_FILE = FoodPin/Info.plist;
				LD_RUNPATH_SEARCH_PATHS = "$(inherited) @executable_path/Frameworks";
				PRODUCT_BUNDLE_IDENTIFIER = com.PielDeJaguar.FoodPin;
				PRODUCT_NAME = "$(TARGET_NAME)";
				SWIFT_VERSION = 3.0;
			};
			name = Debug;
		};
		CCF833371DBBE988008B5558 /* Release */ = {
			isa = XCBuildConfiguration;
			buildSettings = {
				ASSETCATALOG_COMPILER_APPICON_NAME = AppIcon;
				DEVELOPMENT_TEAM = JM33QBQ4S7;
				INFOPLIST_FILE = FoodPin/Info.plist;
				LD_RUNPATH_SEARCH_PATHS = "$(inherited) @executable_path/Frameworks";
				PRODUCT_BUNDLE_IDENTIFIER = com.PielDeJaguar.FoodPin;
				PRODUCT_NAME = "$(TARGET_NAME)";
				SWIFT_VERSION = 3.0;
			};
			name = Release;
		};
/* End XCBuildConfiguration section */

/* Begin XCConfigurationList section */
		CCF8331E1DBBE988008B5558 /* Build configuration list for PBXProject "FoodPin" */ = {
			isa = XCConfigurationList;
			buildConfigurations = (
				CCF833331DBBE988008B5558 /* Debug */,
				CCF833341DBBE988008B5558 /* Release */,
			);
			defaultConfigurationIsVisible = 0;
			defaultConfigurationName = Release;
		};
		CCF833351DBBE988008B5558 /* Build configuration list for PBXNativeTarget "FoodPin" */ = {
			isa = XCConfigurationList;
			buildConfigurations = (
				CCF833361DBBE988008B5558 /* Debug */,
				CCF833371DBBE988008B5558 /* Release */,
			);
			defaultConfigurationIsVisible = 0;
			defaultConfigurationName = Release;
		};
/* End XCConfigurationList section */
	};
	rootObject = CCF8331B1DBBE988008B5558 /* Project object */;
}
